
Microsoft Visual Studio Solution File, Format Version 12.00
# Visual Studio Version 16
VisualStudioVersion = 16.0.31005.135
MinimumVisualStudioVersion = 10.0.40219.1
Project("{FAE04EC0-301F-11D3-BF4B-00C04F79EFBC}") = "Proiect2_Medii_Ciprian_Hagau", "Proiect2_Medii_Ciprian_Hagau.csproj", "{B88D0DF6-973D-47C1-A789-B149DB2178FA}"
EndProject
Global
	GlobalSection(SolutionConfigurationPlatforms) = preSolution
		Debug|Any CPU = Debug|Any CPU
		Release|Any CPU = Release|Any CPU
	EndGlobalSection
	GlobalSection(ProjectConfigurationPlatforms) = postSolution
		{B88D0DF6-973D-47C1-A789-B149DB2178FA}.Debug|Any CPU.ActiveCfg = Debug|Any CPU
		{B88D0DF6-973D-47C1-A789-B149DB2178FA}.Debug|Any CPU.Build.0 = Debug|Any CPU
		{B88D0DF6-973D-47C1-A789-B149DB2178FA}.Release|Any CPU.ActiveCfg = Release|Any CPU
		{B88D0DF6-973D-47C1-A789-B149DB2178FA}.Release|Any CPU.Build.0 = Release|Any CPU
	EndGlobalSection
	GlobalSection(SolutionProperties) = preSolution
		HideSolutionNode = FALSE
	EndGlobalSection
	GlobalSection(ExtensibilityGlobals) = postSolution
		SolutionGuid = {E2399063-8A12-47E9-A38D-4A59FA70B7F7}
	EndGlobalSection
EndGlobal
